
Microsoft Visual Studio Solution File, Format Version 12.00
# Visual Studio Version 17
VisualStudioVersion = 17.10.35027.167
MinimumVisualStudioVersion = 10.0.40219.1
Project("{FAE04EC0-301F-11D3-BF4B-00C04F79EFBC}") = "FinansalCrm", "FinansalCrm.csproj", "{FE0D163E-2798-4AF0-926E-D2E850DDCE3B}"
EndProject
Global
	GlobalSection(SolutionConfigurationPlatforms) = preSolution
		Debug|Any CPU = Debug|Any CPU
		Release|Any CPU = Release|Any CPU
	EndGlobalSection
	GlobalSection(ProjectConfigurationPlatforms) = postSolution
		{FE0D163E-2798-4AF0-926E-D2E850DDCE3B}.Debug|Any CPU.ActiveCfg = Debug|Any CPU
		{FE0D163E-2798-4AF0-926E-D2E850DDCE3B}.Debug|Any CPU.Build.0 = Debug|Any CPU
		{FE0D163E-2798-4AF0-926E-D2E850DDCE3B}.Release|Any CPU.ActiveCfg = Release|Any CPU
		{FE0D163E-2798-4AF0-926E-D2E850DDCE3B}.Release|Any CPU.Build.0 = Release|Any CPU
	EndGlobalSection
	GlobalSection(SolutionProperties) = preSolution
		HideSolutionNode = FALSE
	EndGlobalSection
	GlobalSection(ExtensibilityGlobals) = postSolution
		SolutionGuid = {98C2B52D-D790-46C3-A9A4-A31967F18526}
	EndGlobalSection
EndGlobal
